
Microsoft Visual Studio Solution File, Format Version 12.00
# Visual Studio 14
VisualStudioVersion = 14.0.22823.1
MinimumVisualStudioVersion = 10.0.40219.1
Project("{2150E333-8FDC-42A3-9474-1A3956D46DE8}") = "src", "src", "{98C01CBA-1802-47C9-83A7-8C8B6222679E}"
EndProject
Project("{2150E333-8FDC-42A3-9474-1A3956D46DE8}") = "Solution Items", "Solution Items", "{1B099838-2940-4CEE-A758-727859A71C4E}"
	ProjectSection(SolutionItems) = preProject
		global.json = global.json
	EndProjectSection
EndProject
Project("{8BB2217D-0F2D-49D1-97BC-3654ED321F3B}") = "A03_WebSite", "src\A03_WebSite\A03_WebSite.xproj", "{EC3198F2-DCA6-4485-B130-48371C4BE141}"
EndProject
Global
	GlobalSection(SolutionConfigurationPlatforms) = preSolution
		Debug|Any CPU = Debug|Any CPU
		Release|Any CPU = Release|Any CPU
	EndGlobalSection
	GlobalSection(ProjectConfigurationPlatforms) = postSolution
		{EC3198F2-DCA6-4485-B130-48371C4BE141}.Debug|Any CPU.ActiveCfg = Debug|Any CPU
		{EC3198F2-DCA6-4485-B130-48371C4BE141}.Debug|Any CPU.Build.0 = Debug|Any CPU
		{EC3198F2-DCA6-4485-B130-48371C4BE141}.Release|Any CPU.ActiveCfg = Release|Any CPU
		{EC3198F2-DCA6-4485-B130-48371C4BE141}.Release|Any CPU.Build.0 = Release|Any CPU
	EndGlobalSection
	GlobalSection(SolutionProperties) = preSolution
		HideSolutionNode = FALSE
	EndGlobalSection
	GlobalSection(NestedProjects) = preSolution
		{EC3198F2-DCA6-4485-B130-48371C4BE141} = {98C01CBA-1802-47C9-83A7-8C8B6222679E}
	EndGlobalSection
EndGlobal
