
Microsoft Visual Studio Solution File, Format Version 12.00
# Visual Studio 14
VisualStudioVersion = 14.0.22823.1
MinimumVisualStudioVersion = 10.0.40219.1
Project("{2150E333-8FDC-42A3-9474-1A3956D46DE8}") = "src", "src", "{72AE0CEF-6B91-4FB1-8B2E-B0FD53FA3F7C}"
EndProject
Project("{2150E333-8FDC-42A3-9474-1A3956D46DE8}") = "Solution Items", "Solution Items", "{74F7E90A-2A7E-4B6C-8F53-BBFEE3169AED}"
	ProjectSection(SolutionItems) = preProject
		global.json = global.json
	EndProjectSection
EndProject
Project("{8BB2217D-0F2D-49D1-97BC-3654ED321F3B}") = "A02_WebAPI", "src\A02_WebAPI\A02_WebAPI.xproj", "{EFB01494-D38D-419F-AB74-7C0568671B6F}"
EndProject
Global
	GlobalSection(SolutionConfigurationPlatforms) = preSolution
		Debug|Any CPU = Debug|Any CPU
		Release|Any CPU = Release|Any CPU
	EndGlobalSection
	GlobalSection(ProjectConfigurationPlatforms) = postSolution
		{EFB01494-D38D-419F-AB74-7C0568671B6F}.Debug|Any CPU.ActiveCfg = Debug|Any CPU
		{EFB01494-D38D-419F-AB74-7C0568671B6F}.Debug|Any CPU.Build.0 = Debug|Any CPU
		{EFB01494-D38D-419F-AB74-7C0568671B6F}.Release|Any CPU.ActiveCfg = Release|Any CPU
		{EFB01494-D38D-419F-AB74-7C0568671B6F}.Release|Any CPU.Build.0 = Release|Any CPU
	EndGlobalSection
	GlobalSection(SolutionProperties) = preSolution
		HideSolutionNode = FALSE
	EndGlobalSection
	GlobalSection(NestedProjects) = preSolution
		{EFB01494-D38D-419F-AB74-7C0568671B6F} = {72AE0CEF-6B91-4FB1-8B2E-B0FD53FA3F7C}
	EndGlobalSection
EndGlobal
